
Microsoft Visual Studio Solution File, Format Version 12.00
# Visual Studio 15
VisualStudioVersion = 15.0.28010.2016
MinimumVisualStudioVersion = 10.0.40219.1
Project("{FAE04EC0-301F-11D3-BF4B-00C04F79EFBC}") = "CroweDemo.Web", "CroweDemo\CroweDemo.Web.csproj", "{AE2F29D4-FDD4-4F0B-8DEA-8B31F753B1C6}"
EndProject
Project("{FAE04EC0-301F-11D3-BF4B-00C04F79EFBC}") = "CroweDemo.Tests", "CroweDemo.Tests\CroweDemo.Tests.csproj", "{7A745A38-FAD8-408B-BB18-F95B19CFCD42}"
EndProject
Global
	GlobalSection(SolutionConfigurationPlatforms) = preSolution
		Debug|Any CPU = Debug|Any CPU
		Release|Any CPU = Release|Any CPU
	EndGlobalSection
	GlobalSection(ProjectConfigurationPlatforms) = postSolution
		{AE2F29D4-FDD4-4F0B-8DEA-8B31F753B1C6}.Debug|Any CPU.ActiveCfg = Debug|Any CPU
		{AE2F29D4-FDD4-4F0B-8DEA-8B31F753B1C6}.Debug|Any CPU.Build.0 = Debug|Any CPU
		{AE2F29D4-FDD4-4F0B-8DEA-8B31F753B1C6}.Release|Any CPU.ActiveCfg = Release|Any CPU
		{AE2F29D4-FDD4-4F0B-8DEA-8B31F753B1C6}.Release|Any CPU.Build.0 = Release|Any CPU
		{7A745A38-FAD8-408B-BB18-F95B19CFCD42}.Debug|Any CPU.ActiveCfg = Debug|Any CPU
		{7A745A38-FAD8-408B-BB18-F95B19CFCD42}.Debug|Any CPU.Build.0 = Debug|Any CPU
		{7A745A38-FAD8-408B-BB18-F95B19CFCD42}.Release|Any CPU.ActiveCfg = Release|Any CPU
		{7A745A38-FAD8-408B-BB18-F95B19CFCD42}.Release|Any CPU.Build.0 = Release|Any CPU
	EndGlobalSection
	GlobalSection(SolutionProperties) = preSolution
		HideSolutionNode = FALSE
	EndGlobalSection
	GlobalSection(ExtensibilityGlobals) = postSolution
		SolutionGuid = {22694C9F-8B75-4F04-8445-C3D0CC459A40}
	EndGlobalSection
EndGlobal
